
Microsoft Visual Studio Solution File, Format Version 12.00
# Visual Studio 15
VisualStudioVersion = 15.0.28307.168
MinimumVisualStudioVersion = 10.0.40219.1
Project("{FAE04EC0-301F-11D3-BF4B-00C04F79EFBC}") = "Task_1", "WindowsFormsApp3\Task_1.csproj", "{6BC5ACD0-068B-4C0B-8F7E-897E0D1793EB}"
EndProject
Project("{FAE04EC0-301F-11D3-BF4B-00C04F79EFBC}") = "Task_2", "Task_2\Task_2.csproj", "{45EE007D-A2C2-48DF-B7C6-CE2317D89E01}"
EndProject
Global
	GlobalSection(SolutionConfigurationPlatforms) = preSolution
		Debug|Any CPU = Debug|Any CPU
		Release|Any CPU = Release|Any CPU
	EndGlobalSection
	GlobalSection(ProjectConfigurationPlatforms) = postSolution
		{6BC5ACD0-068B-4C0B-8F7E-897E0D1793EB}.Debug|Any CPU.ActiveCfg = Debug|Any CPU
		{6BC5ACD0-068B-4C0B-8F7E-897E0D1793EB}.Debug|Any CPU.Build.0 = Debug|Any CPU
		{6BC5ACD0-068B-4C0B-8F7E-897E0D1793EB}.Release|Any CPU.ActiveCfg = Release|Any CPU
		{6BC5ACD0-068B-4C0B-8F7E-897E0D1793EB}.Release|Any CPU.Build.0 = Release|Any CPU
		{45EE007D-A2C2-48DF-B7C6-CE2317D89E01}.Debug|Any CPU.ActiveCfg = Debug|Any CPU
		{45EE007D-A2C2-48DF-B7C6-CE2317D89E01}.Debug|Any CPU.Build.0 = Debug|Any CPU
		{45EE007D-A2C2-48DF-B7C6-CE2317D89E01}.Release|Any CPU.ActiveCfg = Release|Any CPU
		{45EE007D-A2C2-48DF-B7C6-CE2317D89E01}.Release|Any CPU.Build.0 = Release|Any CPU
	EndGlobalSection
	GlobalSection(SolutionProperties) = preSolution
		HideSolutionNode = FALSE
	EndGlobalSection
	GlobalSection(ExtensibilityGlobals) = postSolution
		SolutionGuid = {AD7355FC-E010-45A6-8E34-319E3DEDE2A8}
	EndGlobalSection
EndGlobal
